
Microsoft Visual Studio Solution File, Format Version 12.00
# Visual Studio 15
VisualStudioVersion = 15.0.28010.2046
MinimumVisualStudioVersion = 10.0.40219.1
Project("{FAE04EC0-301F-11D3-BF4B-00C04F79EFBC}") = "SpeckleUpdater", "SpeckleUpdater\SpeckleUpdater.csproj", "{26D97083-672D-49E4-84D6-70FA299A48EB}"
EndProject
Project("{2150E333-8FDC-42A3-9474-1A3956D46DE8}") = "Solution Items", "Solution Items", "{30517B14-C5E5-42CB-A80A-CABDF95D2EA8}"
	ProjectSection(SolutionItems) = preProject
		appveyor.yml = appveyor.yml
	EndProjectSection
EndProject
Global
	GlobalSection(SolutionConfigurationPlatforms) = preSolution
		Debug|Any CPU = Debug|Any CPU
		Release|Any CPU = Release|Any CPU
	EndGlobalSection
	GlobalSection(ProjectConfigurationPlatforms) = postSolution
		{26D97083-672D-49E4-84D6-70FA299A48EB}.Debug|Any CPU.ActiveCfg = Debug|Any CPU
		{26D97083-672D-49E4-84D6-70FA299A48EB}.Debug|Any CPU.Build.0 = Debug|Any CPU
		{26D97083-672D-49E4-84D6-70FA299A48EB}.Release|Any CPU.ActiveCfg = Release|Any CPU
		{26D97083-672D-49E4-84D6-70FA299A48EB}.Release|Any CPU.Build.0 = Release|Any CPU
	EndGlobalSection
	GlobalSection(SolutionProperties) = preSolution
		HideSolutionNode = FALSE
	EndGlobalSection
	GlobalSection(ExtensibilityGlobals) = postSolution
		SolutionGuid = {9C2FBBD8-C4E9-4A68-BA5D-57C8B56EFE34}
	EndGlobalSection
EndGlobal
