
Microsoft Visual Studio Solution File, Format Version 12.00
# Visual Studio 15
VisualStudioVersion = 15.0.28010.2046
MinimumVisualStudioVersion = 10.0.40219.1
Project("{FAE04EC0-301F-11D3-BF4B-00C04F79EFBC}") = "SpeckleUpdater", "SpeckleUpdater\SpeckleUpdater.csproj", "{EB884B56-E49A-443E-9049-B8CBC16077E4}"
EndProject
Global
	GlobalSection(SolutionConfigurationPlatforms) = preSolution
		Debug|Any CPU = Debug|Any CPU
		Release|Any CPU = Release|Any CPU
	EndGlobalSection
	GlobalSection(ProjectConfigurationPlatforms) = postSolution
		{EB884B56-E49A-443E-9049-B8CBC16077E4}.Debug|Any CPU.ActiveCfg = Debug|Any CPU
		{EB884B56-E49A-443E-9049-B8CBC16077E4}.Debug|Any CPU.Build.0 = Debug|Any CPU
		{EB884B56-E49A-443E-9049-B8CBC16077E4}.Release|Any CPU.ActiveCfg = Release|Any CPU
		{EB884B56-E49A-443E-9049-B8CBC16077E4}.Release|Any CPU.Build.0 = Release|Any CPU
	EndGlobalSection
	GlobalSection(SolutionProperties) = preSolution
		HideSolutionNode = FALSE
	EndGlobalSection
	GlobalSection(ExtensibilityGlobals) = postSolution
		SolutionGuid = {9C2FBBD8-C4E9-4A68-BA5D-57C8B56EFE34}
	EndGlobalSection
EndGlobal
