
Microsoft Visual Studio Solution File, Format Version 12.00
# Visual Studio 15
VisualStudioVersion = 15.0.28010.2046
MinimumVisualStudioVersion = 10.0.40219.1
Project("{FAE04EC0-301F-11D3-BF4B-00C04F79EFBC}") = "SpeckleUpdater", "SpeckleUpdater\SpeckleUpdater.csproj", "{26D97083-672D-49E4-84D6-70FA299A48EB}"
EndProject
Project("{FAE04EC0-301F-11D3-BF4B-00C04F79EFBC}") = "ConsoleApp1", "ConsoleApp1\ConsoleApp1.csproj", "{9E1F4EE7-2869-49D7-B9F6-22F8ED9FCF1A}"
EndProject
Global
	GlobalSection(SolutionConfigurationPlatforms) = preSolution
		Debug|Any CPU = Debug|Any CPU
		Release|Any CPU = Release|Any CPU
	EndGlobalSection
	GlobalSection(ProjectConfigurationPlatforms) = postSolution
		{26D97083-672D-49E4-84D6-70FA299A48EB}.Debug|Any CPU.ActiveCfg = Debug|Any CPU
		{26D97083-672D-49E4-84D6-70FA299A48EB}.Debug|Any CPU.Build.0 = Debug|Any CPU
		{26D97083-672D-49E4-84D6-70FA299A48EB}.Release|Any CPU.ActiveCfg = Release|Any CPU
		{26D97083-672D-49E4-84D6-70FA299A48EB}.Release|Any CPU.Build.0 = Release|Any CPU
		{9E1F4EE7-2869-49D7-B9F6-22F8ED9FCF1A}.Debug|Any CPU.ActiveCfg = Debug|Any CPU
		{9E1F4EE7-2869-49D7-B9F6-22F8ED9FCF1A}.Debug|Any CPU.Build.0 = Debug|Any CPU
		{9E1F4EE7-2869-49D7-B9F6-22F8ED9FCF1A}.Release|Any CPU.ActiveCfg = Release|Any CPU
		{9E1F4EE7-2869-49D7-B9F6-22F8ED9FCF1A}.Release|Any CPU.Build.0 = Release|Any CPU
	EndGlobalSection
	GlobalSection(SolutionProperties) = preSolution
		HideSolutionNode = FALSE
	EndGlobalSection
	GlobalSection(ExtensibilityGlobals) = postSolution
		SolutionGuid = {9C2FBBD8-C4E9-4A68-BA5D-57C8B56EFE34}
	EndGlobalSection
EndGlobal
